
Microsoft Visual Studio Solution File, Format Version 12.00
# Visual Studio 2012
Project("{8BC9CEB8-8B4A-11D0-8D11-00A0C91BC942}") = "Raytracer", "Raytracer.vcxproj", "{A7AC83F0-0E96-41A8-A8A7-28B57DB9B6A8}"
EndProject
Global
	GlobalSection(SolutionConfigurationPlatforms) = preSolution
		Debug|ARM = Debug|ARM
		Debug|Win32 = Debug|Win32
		Debug|Win32 PreConf = Debug|Win32 PreConf
		Debug|x64 = Debug|x64
		Release|ARM = Release|ARM
		Release|Win32 = Release|Win32
		Release|Win32 PreConf = Release|Win32 PreConf
		Release|x64 = Release|x64
	EndGlobalSection
	GlobalSection(ProjectConfigurationPlatforms) = postSolution
		{A7AC83F0-0E96-41A8-A8A7-28B57DB9B6A8}.Debug|ARM.ActiveCfg = Debug|x64
		{A7AC83F0-0E96-41A8-A8A7-28B57DB9B6A8}.Debug|ARM.Build.0 = Debug|x64
		{A7AC83F0-0E96-41A8-A8A7-28B57DB9B6A8}.Debug|Win32.ActiveCfg = Debug|Win32
		{A7AC83F0-0E96-41A8-A8A7-28B57DB9B6A8}.Debug|Win32.Build.0 = Debug|Win32
		{A7AC83F0-0E96-41A8-A8A7-28B57DB9B6A8}.Debug|Win32 PreConf.ActiveCfg = Debug|Win32
		{A7AC83F0-0E96-41A8-A8A7-28B57DB9B6A8}.Debug|Win32 PreConf.Build.0 = Debug|Win32
		{A7AC83F0-0E96-41A8-A8A7-28B57DB9B6A8}.Debug|x64.ActiveCfg = Debug|Win32
		{A7AC83F0-0E96-41A8-A8A7-28B57DB9B6A8}.Debug|x64.Build.0 = Debug|Win32
		{A7AC83F0-0E96-41A8-A8A7-28B57DB9B6A8}.Release|ARM.ActiveCfg = Release|ARM
		{A7AC83F0-0E96-41A8-A8A7-28B57DB9B6A8}.Release|ARM.Build.0 = Release|ARM
		{A7AC83F0-0E96-41A8-A8A7-28B57DB9B6A8}.Release|Win32.ActiveCfg = Release|Win32
		{A7AC83F0-0E96-41A8-A8A7-28B57DB9B6A8}.Release|Win32.Build.0 = Release|Win32
		{A7AC83F0-0E96-41A8-A8A7-28B57DB9B6A8}.Release|Win32 PreConf.ActiveCfg = Release|x64
		{A7AC83F0-0E96-41A8-A8A7-28B57DB9B6A8}.Release|Win32 PreConf.Build.0 = Release|x64
		{A7AC83F0-0E96-41A8-A8A7-28B57DB9B6A8}.Release|x64.ActiveCfg = Release|x64
		{A7AC83F0-0E96-41A8-A8A7-28B57DB9B6A8}.Release|x64.Build.0 = Release|x64
	EndGlobalSection
	GlobalSection(SolutionProperties) = preSolution
		HideSolutionNode = FALSE
	EndGlobalSection
EndGlobal
